
Microsoft Visual Studio Solution File, Format Version 12.00
# Visual Studio 15
VisualStudioVersion = 15.0.28010.2046
MinimumVisualStudioVersion = 10.0.40219.1
Project("{888888A0-9F3D-457C-B088-3A5042F75D52}") = "event-scraper", "event-scraper\event-scraper.pyproj", "{CC4C7EDD-AEF4-419B-BDC6-535939B7914D}"
EndProject
Global
	GlobalSection(SolutionConfigurationPlatforms) = preSolution
		Debug|Any CPU = Debug|Any CPU
		Release|Any CPU = Release|Any CPU
	EndGlobalSection
	GlobalSection(ProjectConfigurationPlatforms) = postSolution
		{CC4C7EDD-AEF4-419B-BDC6-535939B7914D}.Debug|Any CPU.ActiveCfg = Debug|Any CPU
		{CC4C7EDD-AEF4-419B-BDC6-535939B7914D}.Release|Any CPU.ActiveCfg = Release|Any CPU
	EndGlobalSection
	GlobalSection(SolutionProperties) = preSolution
		HideSolutionNode = FALSE
	EndGlobalSection
	GlobalSection(ExtensibilityGlobals) = postSolution
		SolutionGuid = {7CF7C4AB-761D-46D2-8B49-2B6EDF1FAED6}
	EndGlobalSection
EndGlobal
